
Microsoft Visual Studio Solution File, Format Version 12.00
# Visual Studio Version 17
VisualStudioVersion = 17.1.32328.378
MinimumVisualStudioVersion = 10.0.40219.1
Project("{FAE04EC0-301F-11D3-BF4B-00C04F79EFBC}") = "BlogEngine", "BlogEngine\BlogEngine.csproj", "{699A9877-59AA-4CE0-8F08-CFF121AC67ED}"
EndProject
Global
	GlobalSection(SolutionConfigurationPlatforms) = preSolution
		Debug|Any CPU = Debug|Any CPU
		Release|Any CPU = Release|Any CPU
	EndGlobalSection
	GlobalSection(ProjectConfigurationPlatforms) = postSolution
		{699A9877-59AA-4CE0-8F08-CFF121AC67ED}.Debug|Any CPU.ActiveCfg = Debug|Any CPU
		{699A9877-59AA-4CE0-8F08-CFF121AC67ED}.Debug|Any CPU.Build.0 = Debug|Any CPU
		{699A9877-59AA-4CE0-8F08-CFF121AC67ED}.Release|Any CPU.ActiveCfg = Release|Any CPU
		{699A9877-59AA-4CE0-8F08-CFF121AC67ED}.Release|Any CPU.Build.0 = Release|Any CPU
	EndGlobalSection
	GlobalSection(SolutionProperties) = preSolution
		HideSolutionNode = FALSE
	EndGlobalSection
	GlobalSection(ExtensibilityGlobals) = postSolution
		SolutionGuid = {6B3B6574-86CE-4796-BED1-D98C438CF514}
	EndGlobalSection
EndGlobal
